
Microsoft Visual Studio Solution File, Format Version 12.00
# Visual Studio 2013
VisualStudioVersion = 12.0.31101.0
MinimumVisualStudioVersion = 10.0.40219.1
Project("{2150E333-8FDC-42A3-9474-1A3956D46DE8}") = "IdentityAccessContext", "IdentityAccessContext", "{0396346D-CB4F-438F-9F04-BFD03E20D78F}"
EndProject
Project("{FAE04EC0-301F-11D3-BF4B-00C04F79EFBC}") = "IdentityAccess.Core", "IdentityAccess.Core\IdentityAccess.Core.csproj", "{A862AB2B-663D-4BD0-90EE-1E1BDDE26843}"
EndProject
Project("{FAE04EC0-301F-11D3-BF4B-00C04F79EFBC}") = "IdentityAccess.Tests", "IdentityAccess.Tests\IdentityAccess.Tests.csproj", "{6C7415DD-A766-4478-8E65-3CB14561B712}"
EndProject
Project("{2150E333-8FDC-42A3-9474-1A3956D46DE8}") = "Common", "Common", "{289E08FE-0CE0-46DD-BAB0-34991C53621A}"
EndProject
Project("{FAE04EC0-301F-11D3-BF4B-00C04F79EFBC}") = "SharedKernel", "SharedKernel\SharedKernel.csproj", "{8EF5C4A1-AB76-43C1-8CBB-12DAEB7D4B0D}"
EndProject
Project("{FAE04EC0-301F-11D3-BF4B-00C04F79EFBC}") = "Collhub", "Collhub\Collhub.csproj", "{E56F21DF-0B34-4D8B-ACB2-2BCEB8CB52BE}"
EndProject
Global
	GlobalSection(SolutionConfigurationPlatforms) = preSolution
		Debug|Any CPU = Debug|Any CPU
		Release|Any CPU = Release|Any CPU
	EndGlobalSection
	GlobalSection(ProjectConfigurationPlatforms) = postSolution
		{A862AB2B-663D-4BD0-90EE-1E1BDDE26843}.Debug|Any CPU.ActiveCfg = Debug|Any CPU
		{A862AB2B-663D-4BD0-90EE-1E1BDDE26843}.Debug|Any CPU.Build.0 = Debug|Any CPU
		{A862AB2B-663D-4BD0-90EE-1E1BDDE26843}.Release|Any CPU.ActiveCfg = Release|Any CPU
		{A862AB2B-663D-4BD0-90EE-1E1BDDE26843}.Release|Any CPU.Build.0 = Release|Any CPU
		{6C7415DD-A766-4478-8E65-3CB14561B712}.Debug|Any CPU.ActiveCfg = Debug|Any CPU
		{6C7415DD-A766-4478-8E65-3CB14561B712}.Debug|Any CPU.Build.0 = Debug|Any CPU
		{6C7415DD-A766-4478-8E65-3CB14561B712}.Release|Any CPU.ActiveCfg = Release|Any CPU
		{6C7415DD-A766-4478-8E65-3CB14561B712}.Release|Any CPU.Build.0 = Release|Any CPU
		{8EF5C4A1-AB76-43C1-8CBB-12DAEB7D4B0D}.Debug|Any CPU.ActiveCfg = Debug|Any CPU
		{8EF5C4A1-AB76-43C1-8CBB-12DAEB7D4B0D}.Debug|Any CPU.Build.0 = Debug|Any CPU
		{8EF5C4A1-AB76-43C1-8CBB-12DAEB7D4B0D}.Release|Any CPU.ActiveCfg = Release|Any CPU
		{8EF5C4A1-AB76-43C1-8CBB-12DAEB7D4B0D}.Release|Any CPU.Build.0 = Release|Any CPU
		{E56F21DF-0B34-4D8B-ACB2-2BCEB8CB52BE}.Debug|Any CPU.ActiveCfg = Debug|Any CPU
		{E56F21DF-0B34-4D8B-ACB2-2BCEB8CB52BE}.Debug|Any CPU.Build.0 = Debug|Any CPU
		{E56F21DF-0B34-4D8B-ACB2-2BCEB8CB52BE}.Release|Any CPU.ActiveCfg = Release|Any CPU
		{E56F21DF-0B34-4D8B-ACB2-2BCEB8CB52BE}.Release|Any CPU.Build.0 = Release|Any CPU
	EndGlobalSection
	GlobalSection(SolutionProperties) = preSolution
		HideSolutionNode = FALSE
	EndGlobalSection
	GlobalSection(NestedProjects) = preSolution
		{A862AB2B-663D-4BD0-90EE-1E1BDDE26843} = {0396346D-CB4F-438F-9F04-BFD03E20D78F}
		{6C7415DD-A766-4478-8E65-3CB14561B712} = {0396346D-CB4F-438F-9F04-BFD03E20D78F}
		{8EF5C4A1-AB76-43C1-8CBB-12DAEB7D4B0D} = {289E08FE-0CE0-46DD-BAB0-34991C53621A}
	EndGlobalSection
EndGlobal
